// !$*UTF8*$!
{
	archiveVersion = 1;
	classes = {
	};
	objectVersion = 50;
	objects = {

/* Begin PBXBuildFile section */
		B66DEBB823E4C7AA00B62FDA /* AppDelegate.swift in Sources */ = {isa = PBXBuildFile; fileRef = B6C1B21623E3E9720069637E /* AppDelegate.swift */; };
		B66DEBB923E4C7AA00B62FDA /* SceneDelegate.swift in Sources */ = {isa = PBXBuildFile; fileRef = B6C1B21823E3E9720069637E /* SceneDelegate.swift */; };
		B66DEBBA23E4C7AA00B62FDA /* Flights.swift in Sources */ = {isa = PBXBuildFile; fileRef = B6C1B21A23E3E9720069637E /* Flights.swift */; };
		B6C1B21D23E3E9730069637E /* Assets.xcassets in Resources */ = {isa = PBXBuildFile; fileRef = B6C1B21C23E3E9730069637E /* Assets.xcassets */; };
		B6C1B22023E3E9730069637E /* Preview Assets.xcassets in Resources */ = {isa = PBXBuildFile; fileRef = B6C1B21F23E3E9730069637E /* Preview Assets.xcassets */; };
		B6C1B22323E3E9730069637E /* LaunchScreen.storyboard in Resources */ = {isa = PBXBuildFile; fileRef = B6C1B22123E3E9730069637E /* LaunchScreen.storyboard */; };
		B6E0A88D23E4D51A00D529D5 /* AddFlight.swift in Sources */ = {isa = PBXBuildFile; fileRef = B6E0A88C23E4D51A00D529D5 /* AddFlight.swift */; };
/* End PBXBuildFile section */

/* Begin PBXFileReference section */
		B6C1B21323E3E9720069637E /* Flights.app */ = {isa = PBXFileReference; explicitFileType = wrapper.application; includeInIndex = 0; path = Flights.app; sourceTree = BUILT_PRODUCTS_DIR; };
		B6C1B21623E3E9720069637E /* AppDelegate.swift */ = {isa = PBXFileReference; lastKnownFileType = sourcecode.swift; path = AppDelegate.swift; sourceTree = "<group>"; };
		B6C1B21823E3E9720069637E /* SceneDelegate.swift */ = {isa = PBXFileReference; lastKnownFileType = sourcecode.swift; path = SceneDelegate.swift; sourceTree = "<group>"; };
		B6C1B21A23E3E9720069637E /* Flights.swift */ = {isa = PBXFileReference; lastKnownFileType = sourcecode.swift; path = Flights.swift; sourceTree = "<group>"; };
		B6C1B21C23E3E9730069637E /* Assets.xcassets */ = {isa = PBXFileReference; lastKnownFileType = folder.assetcatalog; path = Assets.xcassets; sourceTree = "<group>"; };
		B6C1B21F23E3E9730069637E /* Preview Assets.xcassets */ = {isa = PBXFileReference; lastKnownFileType = folder.assetcatalog; path = "Preview Assets.xcassets"; sourceTree = "<group>"; };
		B6C1B22223E3E9730069637E /* Base */ = {isa = PBXFileReference; lastKnownFileType = file.storyboard; name = Base; path = Base.lproj/LaunchScreen.storyboard; sourceTree = "<group>"; };
		B6C1B22423E3E9730069637E /* Info.plist */ = {isa = PBXFileReference; lastKnownFileType = text.plist.xml; path = Info.plist; sourceTree = "<group>"; };
		B6E0A88C23E4D51A00D529D5 /* AddFlight.swift */ = {isa = PBXFileReference; lastKnownFileType = sourcecode.swift; path = AddFlight.swift; sourceTree = "<group>"; };
/* End PBXFileReference section */

/* Begin PBXFrameworksBuildPhase section */
		B6C1B21023E3E9720069637E /* Frameworks */ = {
			isa = PBXFrameworksBuildPhase;
			buildActionMask = 2147483647;
			files = (
			);
			runOnlyForDeploymentPostprocessing = 0;
		};
/* End PBXFrameworksBuildPhase section */

/* Begin PBXGroup section */
		B66DEBBB23E4C8E200B62FDA /* View */ = {
			isa = PBXGroup;
			children = (
				B6C1B21A23E3E9720069637E /* Flights.swift */,
				B6E0A88C23E4D51A00D529D5 /* AddFlight.swift */,
			);
			path = View;
			sourceTree = "<group>";
		};
		B6C1B20A23E3E9720069637E = {
			isa = PBXGroup;
			children = (
				B6C1B21523E3E9720069637E /* Flights */,
				B6C1B21423E3E9720069637E /* Products */,
			);
			sourceTree = "<group>";
		};
		B6C1B21423E3E9720069637E /* Products */ = {
			isa = PBXGroup;
			children = (
				B6C1B21323E3E9720069637E /* Flights.app */,
			);
			name = Products;
			sourceTree = "<group>";
		};
		B6C1B21523E3E9720069637E /* Flights */ = {
			isa = PBXGroup;
			children = (
				B66DEBBB23E4C8E200B62FDA /* View */,
				B6C1B21623E3E9720069637E /* AppDelegate.swift */,
				B6C1B21823E3E9720069637E /* SceneDelegate.swift */,
				B6C1B21C23E3E9730069637E /* Assets.xcassets */,
				B6C1B22123E3E9730069637E /* LaunchScreen.storyboard */,
				B6C1B22423E3E9730069637E /* Info.plist */,
				B6C1B21E23E3E9730069637E /* Preview Content */,
			);
			path = Flights;
			sourceTree = "<group>";
		};
		B6C1B21E23E3E9730069637E /* Preview Content */ = {
			isa = PBXGroup;
			children = (
				B6C1B21F23E3E9730069637E /* Preview Assets.xcassets */,
			);
			path = "Preview Content";
			sourceTree = "<group>";
		};
/* End PBXGroup section */

/* Begin PBXNativeTarget section */
		B6C1B21223E3E9720069637E /* Flights */ = {
			isa = PBXNativeTarget;
			buildConfigurationList = B6C1B22723E3E9730069637E /* Build configuration list for PBXNativeTarget "Flights" */;
			buildPhases = (
				B6C1B20F23E3E9720069637E /* Sources */,
				B6C1B21023E3E9720069637E /* Frameworks */,
				B6C1B21123E3E9720069637E /* Resources */,
			);
			buildRules = (
			);
			dependencies = (
			);
			name = Flights;
			productName = Flights;
			productReference = B6C1B21323E3E9720069637E /* Flights.app */;
			productType = "com.apple.product-type.application";
		};
/* End PBXNativeTarget section */

/* Begin PBXProject section */
		B6C1B20B23E3E9720069637E /* Project object */ = {
			isa = PBXProject;
			attributes = {
				LastSwiftUpdateCheck = 1130;
				LastUpgradeCheck = 1130;
				ORGANIZATIONNAME = "Dominic Philip";
				TargetAttributes = {
					B6C1B21223E3E9720069637E = {
						CreatedOnToolsVersion = 11.3.1;
					};
				};
			};
			buildConfigurationList = B6C1B20E23E3E9720069637E /* Build configuration list for PBXProject "Flights" */;
			compatibilityVersion = "Xcode 9.3";
			developmentRegion = en;
			hasScannedForEncodings = 0;
			knownRegions = (
				en,
				Base,
			);
			mainGroup = B6C1B20A23E3E9720069637E;
			productRefGroup = B6C1B21423E3E9720069637E /* Products */;
			projectDirPath = "";
			projectRoot = "";
			targets = (
				B6C1B21223E3E9720069637E /* Flights */,
			);
		};
/* End PBXProject section */

/* Begin PBXResourcesBuildPhase section */
		B6C1B21123E3E9720069637E /* Resources */ = {
			isa = PBXResourcesBuildPhase;
			buildActionMask = 2147483647;
			files = (
				B6C1B22323E3E9730069637E /* LaunchScreen.storyboard in Resources */,
				B6C1B22023E3E9730069637E /* Preview Assets.xcassets in Resources */,
				B6C1B21D23E3E9730069637E /* Assets.xcassets in Resources */,
			);
			runOnlyForDeploymentPostprocessing = 0;
		};
/* End PBXResourcesBuildPhase section */

/* Begin PBXSourcesBuildPhase section */
		B6C1B20F23E3E9720069637E /* Sources */ = {
			isa = PBXSourcesBuildPhase;
			buildActionMask = 2147483647;
			files = (
				B66DEBB823E4C7AA00B62FDA /* AppDelegate.swift in Sources */,
				B6E0A88D23E4D51A00D529D5 /* AddFlight.swift in Sources */,
				B66DEBB923E4C7AA00B62FDA /* SceneDelegate.swift in Sources */,
				B66DEBBA23E4C7AA00B62FDA /* Flights.swift in Sources */,
			);
			runOnlyForDeploymentPostprocessing = 0;
		};
/* End PBXSourcesBuildPhase section */

/* Begin PBXVariantGroup section */
		B6C1B22123E3E9730069637E /* LaunchScreen.storyboard */ = {
			isa = PBXVariantGroup;
			children = (
				B6C1B22223E3E9730069637E /* Base */,
			);
			name = LaunchScreen.storyboard;
			sourceTree = "<group>";
		};
/* End PBXVariantGroup section */

/* Begin XCBuildConfiguration section */
		B6C1B22523E3E9730069637E /* Debug */ = {
			isa = XCBuildConfiguration;
			buildSettings = {
				ALWAYS_SEARCH_USER_PATHS = NO;
				CLANG_ANALYZER_NONNULL = YES;
				CLANG_ANALYZER_NUMBER_OBJECT_CONVERSION = YES_AGGRESSIVE;
				CLANG_CXX_LANGUAGE_STANDARD = "gnu++14";
				CLANG_CXX_LIBRARY = "libc++";
				CLANG_ENABLE_MODULES = YES;
				CLANG_ENABLE_OBJC_ARC = YES;
				CLANG_ENABLE_OBJC_WEAK = YES;
				CLANG_WARN_BLOCK_CAPTURE_AUTORELEASING = YES;
				CLANG_WARN_BOOL_CONVERSION = YES;
				CLANG_WARN_COMMA = YES;
				CLANG_WARN_CONSTANT_CONVERSION = YES;
				CLANG_WARN_DEPRECATED_OBJC_IMPLEMENTATIONS = YES;
				CLANG_WARN_DIRECT_OBJC_ISA_USAGE = YES_ERROR;
				CLANG_WARN_DOCUMENTATION_COMMENTS = YES;
				CLANG_WARN_EMPTY_BODY = YES;
				CLANG_WARN_ENUM_CONVERSION = YES;
				CLANG_WARN_INFINITE_RECURSION = YES;
				CLANG_WARN_INT_CONVERSION = YES;
				CLANG_WARN_NON_LITERAL_NULL_CONVERSION = YES;
				CLANG_WARN_OBJC_IMPLICIT_RETAIN_SELF = YES;
				CLANG_WARN_OBJC_LITERAL_CONVERSION = YES;
				CLANG_WARN_OBJC_ROOT_CLASS = YES_ERROR;
				CLANG_WARN_RANGE_LOOP_ANALYSIS = YES;
				CLANG_WARN_STRICT_PROTOTYPES = YES;
				CLANG_WARN_SUSPICIOUS_MOVE = YES;
				CLANG_WARN_UNGUARDED_AVAILABILITY = YES_AGGRESSIVE;
				CLANG_WARN_UNREACHABLE_CODE = YES;
				CLANG_WARN__DUPLICATE_METHOD_MATCH = YES;
				COPY_PHASE_STRIP = NO;
				DEBUG_INFORMATION_FORMAT = dwarf;
				ENABLE_STRICT_OBJC_MSGSEND = YES;
				ENABLE_TESTABILITY = YES;
				GCC_C_LANGUAGE_STANDARD = gnu11;
				GCC_DYNAMIC_NO_PIC = NO;
				GCC_NO_COMMON_BLOCKS = YES;
				GCC_OPTIMIZATION_LEVEL = 0;
				GCC_PREPROCESSOR_DEFINITIONS = (
					"DEBUG=1",
					"$(inherited)",
				);
				GCC_WARN_64_TO_32_BIT_CONVERSION = YES;
				GCC_WARN_ABOUT_RETURN_TYPE = YES_ERROR;
				GCC_WARN_UNDECLARED_SELECTOR = YES;
				GCC_WARN_UNINITIALIZED_AUTOS = YES_AGGRESSIVE;
				GCC_WARN_UNUSED_FUNCTION = YES;
				GCC_WARN_UNUSED_VARIABLE = YES;
				IPHONEOS_DEPLOYMENT_TARGET = 13.2;
				MTL_ENABLE_DEBUG_INFO = INCLUDE_SOURCE;
				MTL_FAST_MATH = YES;
				ONLY_ACTIVE_ARCH = YES;
				SDKROOT = iphoneos;
				SWIFT_ACTIVE_COMPILATION_CONDITIONS = DEBUG;
				SWIFT_OPTIMIZATION_LEVEL = "-Onone";
			};
			name = Debug;
		};
		B6C1B22623E3E9730069637E /* Release */ = {
			isa = XCBuildConfiguration;
			buildSettings = {
				ALWAYS_SEARCH_USER_PATHS = NO;
				CLANG_ANALYZER_NONNULL = YES;
				CLANG_ANALYZER_NUMBER_OBJECT_CONVERSION = YES_AGGRESSIVE;
				CLANG_CXX_LANGUAGE_STANDARD = "gnu++14";
				CLANG_CXX_LIBRARY = "libc++";
				CLANG_ENABLE_MODULES = YES;
				CLANG_ENABLE_OBJC_ARC = YES;
				CLANG_ENABLE_OBJC_WEAK = YES;
				CLANG_WARN_BLOCK_CAPTURE_AUTORELEASING = YES;
				CLANG_WARN_BOOL_CONVERSION = YES;
				CLANG_WARN_COMMA = YES;
				CLANG_WARN_CONSTANT_CONVERSION = YES;
				CLANG_WARN_DEPRECATED_OBJC_IMPLEMENTATIONS = YES;
				CLANG_WARN_DIRECT_OBJC_ISA_USAGE = YES_ERROR;
				CLANG_WARN_DOCUMENTATION_COMMENTS = YES;
				CLANG_WARN_EMPTY_BODY = YES;
				CLANG_WARN_ENUM_CONVERSION = YES;
				CLANG_WARN_INFINITE_RECURSION = YES;
				CLANG_WARN_INT_CONVERSION = YES;
				CLANG_WARN_NON_LITERAL_NULL_CONVERSION = YES;
				CLANG_WARN_OBJC_IMPLICIT_RETAIN_SELF = YES;
				CLANG_WARN_OBJC_LITERAL_CONVERSION = YES;
				CLANG_WARN_OBJC_ROOT_CLASS = YES_ERROR;
				CLANG_WARN_RANGE_LOOP_ANALYSIS = YES;
				CLANG_WARN_STRICT_PROTOTYPES = YES;
				CLANG_WARN_SUSPICIOUS_MOVE = YES;
				CLANG_WARN_UNGUARDED_AVAILABILITY = YES_AGGRESSIVE;
				CLANG_WARN_UNREACHABLE_CODE = YES;
				CLANG_WARN__DUPLICATE_METHOD_MATCH = YES;
				COPY_PHASE_STRIP = NO;
				DEBUG_INFORMATION_FORMAT = "dwarf-with-dsym";
				ENABLE_NS_ASSERTIONS = NO;
				ENABLE_STRICT_OBJC_MSGSEND = YES;
				GCC_C_LANGUAGE_STANDARD = gnu11;
				GCC_NO_COMMON_BLOCKS = YES;
				GCC_WARN_64_TO_32_BIT_CONVERSION = YES;
				GCC_WARN_ABOUT_RETURN_TYPE = YES_ERROR;
				GCC_WARN_UNDECLARED_SELECTOR = YES;
				GCC_WARN_UNINITIALIZED_AUTOS = YES_AGGRESSIVE;
				GCC_WARN_UNUSED_FUNCTION = YES;
				GCC_WARN_UNUSED_VARIABLE = YES;
				IPHONEOS_DEPLOYMENT_TARGET = 13.2;
				MTL_ENABLE_DEBUG_INFO = NO;
				MTL_FAST_MATH = YES;
				SDKROOT = iphoneos;
				SWIFT_COMPILATION_MODE = wholemodule;
				SWIFT_OPTIMIZATION_LEVEL = "-O";
				VALIDATE_PRODUCT = YES;
			};
			name = Release;
		};
		B6C1B22823E3E9730069637E /* Debug */ = {
			isa = XCBuildConfiguration;
			buildSettings = {
				ASSETCATALOG_COMPILER_APPICON_NAME = AppIcon;
				CODE_SIGN_STYLE = Automatic;
				DEVELOPMENT_ASSET_PATHS = "\"Flights/Preview Content\"";
				DEVELOPMENT_TEAM = S9NRX8EY6J;
				ENABLE_PREVIEWS = YES;
				INFOPLIST_FILE = Flights/Info.plist;
				LD_RUNPATH_SEARCH_PATHS = (
					"$(inherited)",
					"@executable_path/Frameworks",
				);
				PRODUCT_BUNDLE_IDENTIFIER = com.dominicphilip.Flights;
				PRODUCT_NAME = "$(TARGET_NAME)";
				SWIFT_VERSION = 5.0;
				TARGETED_DEVICE_FAMILY = "1,2";
			};
			name = Debug;
		};
		B6C1B22923E3E9730069637E /* Release */ = {
			isa = XCBuildConfiguration;
			buildSettings = {
				ASSETCATALOG_COMPILER_APPICON_NAME = AppIcon;
				CODE_SIGN_STYLE = Automatic;
				DEVELOPMENT_ASSET_PATHS = "\"Flights/Preview Content\"";
				DEVELOPMENT_TEAM = S9NRX8EY6J;
				ENABLE_PREVIEWS = YES;
				INFOPLIST_FILE = Flights/Info.plist;
				LD_RUNPATH_SEARCH_PATHS = (
					"$(inherited)",
					"@executable_path/Frameworks",
				);
				PRODUCT_BUNDLE_IDENTIFIER = com.dominicphilip.Flights;
				PRODUCT_NAME = "$(TARGET_NAME)";
				SWIFT_VERSION = 5.0;
				TARGETED_DEVICE_FAMILY = "1,2";
			};
			name = Release;
		};
/* End XCBuildConfiguration section */

/* Begin XCConfigurationList section */
		B6C1B20E23E3E9720069637E /* Build configuration list for PBXProject "Flights" */ = {
			isa = XCConfigurationList;
			buildConfigurations = (
				B6C1B22523E3E9730069637E /* Debug */,
				B6C1B22623E3E9730069637E /* Release */,
			);
			defaultConfigurationIsVisible = 0;
			defaultConfigurationName = Release;
		};
		B6C1B22723E3E9730069637E /* Build configuration list for PBXNativeTarget "Flights" */ = {
			isa = XCConfigurationList;
			buildConfigurations = (
				B6C1B22823E3E9730069637E /* Debug */,
				B6C1B22923E3E9730069637E /* Release */,
			);
			defaultConfigurationIsVisible = 0;
			defaultConfigurationName = Release;
		};
/* End XCConfigurationList section */
	};
	rootObject = B6C1B20B23E3E9720069637E /* Project object */;
}
